
Microsoft Visual Studio Solution File, Format Version 12.00
# Visual Studio 14
VisualStudioVersion = 14.0.24720.0
MinimumVisualStudioVersion = 10.0.40219.1
Project("{FAE04EC0-301F-11D3-BF4B-00C04F79EFBC}") = "mvcEsri3", "mvcEsri3\mvcEsri3.csproj", "{1DA14A92-68A7-48C4-BF85-EB4CF0F893EB}"
EndProject
Global
	GlobalSection(SolutionConfigurationPlatforms) = preSolution
		Debug|Any CPU = Debug|Any CPU
		Release|Any CPU = Release|Any CPU
	EndGlobalSection
	GlobalSection(ProjectConfigurationPlatforms) = postSolution
		{1DA14A92-68A7-48C4-BF85-EB4CF0F893EB}.Debug|Any CPU.ActiveCfg = Debug|Any CPU
		{1DA14A92-68A7-48C4-BF85-EB4CF0F893EB}.Debug|Any CPU.Build.0 = Debug|Any CPU
		{1DA14A92-68A7-48C4-BF85-EB4CF0F893EB}.Release|Any CPU.ActiveCfg = Release|Any CPU
		{1DA14A92-68A7-48C4-BF85-EB4CF0F893EB}.Release|Any CPU.Build.0 = Release|Any CPU
	EndGlobalSection
	GlobalSection(SolutionProperties) = preSolution
		HideSolutionNode = FALSE
	EndGlobalSection
EndGlobal
